Microsoft Visual Studio Solution File, Format Version 12.00
# Visual Studio Version 17
VisualStudioVersion = 17.5.2.0
MinimumVisualStudioVersion = 10.0.40219.1
Project("{FAE04EC0-301F-11D3-BF4B-00C04F79EFBC}") = "BafflingBirthdays", "BafflingBirthdays.csproj", "{0CDE3D70-BCAB-6799-9CFC-94ED612AF530}"
EndProject
Global
	GlobalSection(SolutionConfigurationPlatforms) = preSolution
		Debug|Any CPU = Debug|Any CPU
		Release|Any CPU = Release|Any CPU
	EndGlobalSection
	GlobalSection(ProjectConfigurationPlatforms) = postSolution
		{0CDE3D70-BCAB-6799-9CFC-94ED612AF530}.Debug|Any CPU.ActiveCfg = Debug|Any CPU
		{0CDE3D70-BCAB-6799-9CFC-94ED612AF530}.Debug|Any CPU.Build.0 = Debug|Any CPU
		{0CDE3D70-BCAB-6799-9CFC-94ED612AF530}.Release|Any CPU.ActiveCfg = Release|Any CPU
		{0CDE3D70-BCAB-6799-9CFC-94ED612AF530}.Release|Any CPU.Build.0 = Release|Any CPU
	EndGlobalSection
	GlobalSection(SolutionProperties) = preSolution
		HideSolutionNode = FALSE
	EndGlobalSection
	GlobalSection(ExtensibilityGlobals) = postSolution
		SolutionGuid = {A51B79B4-61E2-48EA-B264-24714591EB71}
	EndGlobalSection
EndGlobal
