Microsoft Visual Studio Solution File, Format Version 12.00
# Visual Studio Version 17
VisualStudioVersion = 17.5.2.0
MinimumVisualStudioVersion = 10.0.40219.1
Project("{FAE04EC0-301F-11D3-BF4B-00C04F79EFBC}") = "Luhn", "Luhn.csproj", "{523D513A-8BA8-A393-DB58-29DDDE6E9703}"
EndProject
Global
	GlobalSection(SolutionConfigurationPlatforms) = preSolution
		Debug|Any CPU = Debug|Any CPU
		Release|Any CPU = Release|Any CPU
	EndGlobalSection
	GlobalSection(ProjectConfigurationPlatforms) = postSolution
		{523D513A-8BA8-A393-DB58-29DDDE6E9703}.Debug|Any CPU.ActiveCfg = Debug|Any CPU
		{523D513A-8BA8-A393-DB58-29DDDE6E9703}.Debug|Any CPU.Build.0 = Debug|Any CPU
		{523D513A-8BA8-A393-DB58-29DDDE6E9703}.Release|Any CPU.ActiveCfg = Release|Any CPU
		{523D513A-8BA8-A393-DB58-29DDDE6E9703}.Release|Any CPU.Build.0 = Release|Any CPU
	EndGlobalSection
	GlobalSection(SolutionProperties) = preSolution
		HideSolutionNode = FALSE
	EndGlobalSection
	GlobalSection(ExtensibilityGlobals) = postSolution
		SolutionGuid = {35FC64F3-AB68-42B6-ACD6-AB5916E39F04}
	EndGlobalSection
EndGlobal
