Microsoft Visual Studio Solution File, Format Version 12.00
# Visual Studio Version 17
VisualStudioVersion = 17.5.2.0
MinimumVisualStudioVersion = 10.0.40219.1
Project("{FAE04EC0-301F-11D3-BF4B-00C04F79EFBC}") = "KillerSudokuHelper", "KillerSudokuHelper.csproj", "{307605CD-4BDC-65BA-FB5A-A304C85D1F93}"
EndProject
Global
	GlobalSection(SolutionConfigurationPlatforms) = preSolution
		Debug|Any CPU = Debug|Any CPU
		Release|Any CPU = Release|Any CPU
	EndGlobalSection
	GlobalSection(ProjectConfigurationPlatforms) = postSolution
		{307605CD-4BDC-65BA-FB5A-A304C85D1F93}.Debug|Any CPU.ActiveCfg = Debug|Any CPU
		{307605CD-4BDC-65BA-FB5A-A304C85D1F93}.Debug|Any CPU.Build.0 = Debug|Any CPU
		{307605CD-4BDC-65BA-FB5A-A304C85D1F93}.Release|Any CPU.ActiveCfg = Release|Any CPU
		{307605CD-4BDC-65BA-FB5A-A304C85D1F93}.Release|Any CPU.Build.0 = Release|Any CPU
	EndGlobalSection
	GlobalSection(SolutionProperties) = preSolution
		HideSolutionNode = FALSE
	EndGlobalSection
	GlobalSection(ExtensibilityGlobals) = postSolution
		SolutionGuid = {5CA6907D-451F-4452-A5AC-E6032F711B3B}
	EndGlobalSection
EndGlobal
