Microsoft Visual Studio Solution File, Format Version 12.00
# Visual Studio Version 17
VisualStudioVersion = 17.5.2.0
MinimumVisualStudioVersion = 10.0.40219.1
Project("{FAE04EC0-301F-11D3-BF4B-00C04F79EFBC}") = "Transpose", "Transpose.csproj", "{20600825-6F7C-5092-D7D9-1B56509EB117}"
EndProject
Global
	GlobalSection(SolutionConfigurationPlatforms) = preSolution
		Debug|Any CPU = Debug|Any CPU
		Release|Any CPU = Release|Any CPU
	EndGlobalSection
	GlobalSection(ProjectConfigurationPlatforms) = postSolution
		{20600825-6F7C-5092-D7D9-1B56509EB117}.Debug|Any CPU.ActiveCfg = Debug|Any CPU
		{20600825-6F7C-5092-D7D9-1B56509EB117}.Debug|Any CPU.Build.0 = Debug|Any CPU
		{20600825-6F7C-5092-D7D9-1B56509EB117}.Release|Any CPU.ActiveCfg = Release|Any CPU
		{20600825-6F7C-5092-D7D9-1B56509EB117}.Release|Any CPU.Build.0 = Release|Any CPU
	EndGlobalSection
	GlobalSection(SolutionProperties) = preSolution
		HideSolutionNode = FALSE
	EndGlobalSection
	GlobalSection(ExtensibilityGlobals) = postSolution
		SolutionGuid = {012A8DB8-F80B-4726-82BD-06CC69F06632}
	EndGlobalSection
EndGlobal
