Microsoft Visual Studio Solution File, Format Version 12.00
# Visual Studio Version 17
VisualStudioVersion = 17.5.2.0
MinimumVisualStudioVersion = 10.0.40219.1
Project("{FAE04EC0-301F-11D3-BF4B-00C04F79EFBC}") = "SaddlePoints", "SaddlePoints.csproj", "{15B3A93E-DA29-7B83-1CBD-02A26FE2FD76}"
EndProject
Global
	GlobalSection(SolutionConfigurationPlatforms) = preSolution
		Debug|Any CPU = Debug|Any CPU
		Release|Any CPU = Release|Any CPU
	EndGlobalSection
	GlobalSection(ProjectConfigurationPlatforms) = postSolution
		{15B3A93E-DA29-7B83-1CBD-02A26FE2FD76}.Debug|Any CPU.ActiveCfg = Debug|Any CPU
		{15B3A93E-DA29-7B83-1CBD-02A26FE2FD76}.Debug|Any CPU.Build.0 = Debug|Any CPU
		{15B3A93E-DA29-7B83-1CBD-02A26FE2FD76}.Release|Any CPU.ActiveCfg = Release|Any CPU
		{15B3A93E-DA29-7B83-1CBD-02A26FE2FD76}.Release|Any CPU.Build.0 = Release|Any CPU
	EndGlobalSection
	GlobalSection(SolutionProperties) = preSolution
		HideSolutionNode = FALSE
	EndGlobalSection
	GlobalSection(ExtensibilityGlobals) = postSolution
		SolutionGuid = {F1CBACE4-4E0F-4F1C-BF32-2A1EC6F4B3C7}
	EndGlobalSection
EndGlobal
